
Microsoft Visual Studio Solution File, Format Version 12.00
# Visual Studio 15
VisualStudioVersion = 15.0.28307.168
MinimumVisualStudioVersion = 10.0.40219.1
Project("{9A19103F-16F7-4668-BE54-9A1E7A4F7556}") = "Tyczkarze", "Tyczkarze\Tyczkarze.csproj", "{610CCB42-6AF9-4511-836A-CAF378A63B7A}"
EndProject
Project("{FAE04EC0-301F-11D3-BF4B-00C04F79EFBC}") = "Tyczkarze.DataAccess", "Tyczkarze.DataAccess\Tyczkarze.DataAccess.csproj", "{6B158C46-4967-4DA0-8C50-EBD1BDCC9D2E}"
EndProject
Project("{FAE04EC0-301F-11D3-BF4B-00C04F79EFBC}") = "Tyczkarze.BusinessLogic", "Tyczkarze.BusinessLogic\Tyczkarze.BusinessLogic.csproj", "{F4331300-4E43-40D3-AA23-6863B09752C1}"
EndProject
Global
	GlobalSection(SolutionConfigurationPlatforms) = preSolution
		Debug|Any CPU = Debug|Any CPU
		Release|Any CPU = Release|Any CPU
	EndGlobalSection
	GlobalSection(ProjectConfigurationPlatforms) = postSolution
		{610CCB42-6AF9-4511-836A-CAF378A63B7A}.Debug|Any CPU.ActiveCfg = Debug|Any CPU
		{610CCB42-6AF9-4511-836A-CAF378A63B7A}.Debug|Any CPU.Build.0 = Debug|Any CPU
		{610CCB42-6AF9-4511-836A-CAF378A63B7A}.Release|Any CPU.ActiveCfg = Release|Any CPU
		{610CCB42-6AF9-4511-836A-CAF378A63B7A}.Release|Any CPU.Build.0 = Release|Any CPU
		{6B158C46-4967-4DA0-8C50-EBD1BDCC9D2E}.Debug|Any CPU.ActiveCfg = Debug|Any CPU
		{6B158C46-4967-4DA0-8C50-EBD1BDCC9D2E}.Debug|Any CPU.Build.0 = Debug|Any CPU
		{6B158C46-4967-4DA0-8C50-EBD1BDCC9D2E}.Release|Any CPU.ActiveCfg = Release|Any CPU
		{6B158C46-4967-4DA0-8C50-EBD1BDCC9D2E}.Release|Any CPU.Build.0 = Release|Any CPU
		{F4331300-4E43-40D3-AA23-6863B09752C1}.Debug|Any CPU.ActiveCfg = Debug|Any CPU
		{F4331300-4E43-40D3-AA23-6863B09752C1}.Debug|Any CPU.Build.0 = Debug|Any CPU
		{F4331300-4E43-40D3-AA23-6863B09752C1}.Release|Any CPU.ActiveCfg = Release|Any CPU
		{F4331300-4E43-40D3-AA23-6863B09752C1}.Release|Any CPU.Build.0 = Release|Any CPU
	EndGlobalSection
	GlobalSection(SolutionProperties) = preSolution
		HideSolutionNode = FALSE
	EndGlobalSection
	GlobalSection(ExtensibilityGlobals) = postSolution
		SolutionGuid = {2C6EF215-ED17-46D4-87FE-753D937C0F07}
	EndGlobalSection
EndGlobal
